#MicroXplorer Configuration settings - do not modify
Mcu.Family=STM32G0
ProjectManager.MainLocation=Core/Src
RCC.USART1Freq_Value=48000000
RCC.CortexFreq_Value=48000000
ProjectManager.KeepUserCode=true
Mcu.UserName=STM32G071KBUxN
PD3.GPIOParameters=GPIO_Label
PA0.GPIO_Label=PWR_BTN
PA14-BOOT0.Mode=Serial_Wire
ProjectManager.functionlistsort=1-MX_GPIO_Init-GPIO-false-HAL-true,2-SystemClock_Config-RCC-false-HAL-false,3-MX_DAC1_Init-DAC1-false-HAL-true,4-MX_TIM2_Init-TIM2-false-HAL-true,5-MX_RTC_Init-RTC-false-HAL-true,6-MX_ADC1_Init-ADC1-false-HAL-true,7-MX_TIM3_Init-TIM3-false-HAL-true
DAC1.IPParameters=DAC_Channel-DAC_OUT1
VP_RTC_VS_RTC_Activate.Mode=RTC_Enabled
RCC.RTCFreq_Value=32768
PA3.GPIOParameters=PinState,GPIO_Label
PA6.GPIO_Label=VOLDN
RCC.USART2Freq_Value=48000000
PD2.Locked=true
VP_RTC_VS_RTC_Calendar.Signal=RTC_VS_RTC_Calendar
PD2.GPIOParameters=GPIO_Label
PC15-OSC32_OUT\ (PC15).Mode=LSE-External-Oscillator
NVIC.SVC_IRQn=true\:0\:0\:false\:false\:true\:false\:false
ADC1.SamplingTimeCommon1=ADC_SAMPLETIME_160CYCLES_5
PA2.GPIOParameters=GPIO_Label
PinOutPanel.RotationAngle=0
VP_RTC_VS_RTC_Alarm_A_Intern.Mode=Alarm A
RCC.MCO1PinFreq_Value=48000000
RCC.SYSCLKSource=RCC_SYSCLKSOURCE_PLLCLK
ProjectManager.StackSize=0x400
PC14-OSC32_IN\ (PC14).Mode=LSE-External-Oscillator
SH.GPXTI2.0=GPIO_EXTI2
RTC.Seconds_A-Alarm\ A=0
RCC.LPTIM1Freq_Value=48000000
Mcu.IP4=RTC
SH.GPXTI7.ConfNb=1
RCC.FCLKCortexFreq_Value=48000000
Mcu.IP5=SYS
Mcu.IP2=NVIC
Mcu.IP3=RCC
Mcu.IP0=ADC1
Mcu.IP1=DAC1
Mcu.UserConstants=
Mcu.ThirdPartyNb=0
RCC.HCLKFreq_Value=48000000
Mcu.IPNb=8
TIM2.IPParameters=Period
ProjectManager.PreviousToolchain=
TIM3.Period=10000-1
RTC.IPParameters=Hours,Alarm-Alarm A,Seconds_A-Alarm A,Hours_A-Alarm A
Mcu.Pin6=PA4
VP_TIM2_VS_ClockSourceINT.Signal=TIM2_VS_ClockSourceINT
Mcu.Pin7=PA6
Mcu.Pin8=PA7
Mcu.Pin9=PA13
RCC.AHBFreq_Value=48000000
Mcu.Pin0=PC14-OSC32_IN (PC14)
Mcu.Pin1=PC15-OSC32_OUT (PC15)
PA14-BOOT0.Signal=SYS_SWCLK
GPIO.groupedBy=Group By Peripherals
Mcu.Pin2=PA0
Mcu.Pin3=PA1
Mcu.Pin4=PA2
Mcu.Pin5=PA3
ADC1.Channel-0\#ChannelRegularConversion=ADC_CHANNEL_1
ProjectManager.ProjectBuild=false
RCC.HSE_VALUE=8000000
PA0.Locked=true
RCC.RTCClockSelection=RCC_RTCCLKSOURCE_LSE
NVIC.SysTick_IRQn=true\:0\:0\:false\:false\:true\:false\:true
SH.GPXTI7.0=GPIO_EXTI7
ProjectManager.FirmwarePackage=STM32Cube FW_G0 V1.4.1
MxDb.Version=DB.6.0.21
PA6.GPIO_PuPd=GPIO_PULLDOWN
ProjectManager.BackupPrevious=false
RCC.VCOInputFreq_Value=8000000
TIM3.Prescaler=4800-1
NVIC.TIM2_IRQn=true\:0\:0\:false\:false\:true\:true\:true
File.Version=6
VP_SYS_VS_DBSignals.Mode=DisableDeadBatterySignals
RCC.PLLRCLKFreq_Value=48000000
NVIC.PendSV_IRQn=true\:0\:0\:false\:false\:true\:false\:false
ProjectManager.HalAssertFull=false
ADC1.SamplingTime-0\#ChannelRegularConversion=ADC_SAMPLINGTIME_COMMON_1
RTC.Hours_A-Alarm\ A=8
ProjectManager.ProjectName=wavplayer_v3
PA0.Signal=GPXTI0
RCC.TIM1Freq_Value=48000000
ADC1.SelectedChannel=ADC_CHANNEL_1
Mcu.Package=UFQFPN32
PA6.Signal=GPXTI6
RCC.TIM15Freq_Value=48000000
PA7.Locked=true
RCC.APBFreq_Value=48000000
PA0.GPIO_PuPd=GPIO_NOPULL
ProjectManager.ToolChainLocation=
PA2.GPIO_Label=DCIN
RCC.LSI_VALUE=32000
SH.GPXTI0.0=GPIO_EXTI0
VP_SYS_VS_Systick.Signal=SYS_VS_Systick
RCC.LSCOPinFreq_Value=32000
VP_RTC_VS_RTC_Calendar.Mode=RTC_Calendar
RCC.PLLPoutputFreq_Value=48000000
RCC.CECFreq_Value=32786.88524590164
RCC.LPUART1Freq_Value=48000000
PD3.GPIO_Label=OPLED
SH.COMP_DAC11_group.ConfNb=1
PA4.GPIO_Label=DACOUT
ProjectManager.CustomerFirmwarePackage=
VP_TIM3_VS_ClockSourceINT.Mode=Internal
NVIC.EXTI4_15_IRQn=true\:0\:0\:false\:false\:true\:true\:true
PA3.Signal=GPIO_Output
PA2.Locked=true
VP_RTC_VS_RTC_Activate.Signal=RTC_VS_RTC_Activate
PA6.GPIOParameters=GPIO_PuPd,GPIO_Label
RCC.PLLQoutputFreq_Value=48000000
ProjectManager.ProjectFileName=wavplayer_v3.ioc
ADC1.Rank-0\#ChannelRegularConversion=1
DAC1.DAC_Channel-DAC_OUT1=DAC_CHANNEL_1
Mcu.PinsNb=20
ProjectManager.NoMain=false
ADC1.IPParameters=Rank-0\#ChannelRegularConversion,master,Channel-0\#ChannelRegularConversion,SelectedChannel,SamplingTime-0\#ChannelRegularConversion,NbrOfConversionFlag,SamplingTimeCommon1
PD3.Signal=GPIO_Output
NVIC.RTC_TAMP_IRQn=true\:0\:0\:false\:false\:true\:true\:true
SH.GPXTI0.ConfNb=1
RCC.EXTERNAL_CLOCK_VALUE=48000
ProjectManager.DefaultFWLocation=true
PC15-OSC32_OUT\ (PC15).Signal=RCC_OSC32_OUT
ProjectManager.DeletePrevious=true
RCC.FamilyName=M
SH.GPXTI6.0=GPIO_EXTI6
PA13.Signal=SYS_SWDIO
SH.GPXTI6.ConfNb=1
SH.GPXTI2.ConfNb=1
ProjectManager.TargetToolchain=STM32CubeIDE
SH.COMP_DAC11_group.0=DAC1_OUT1,DAC_OUT1
RCC.I2S1Freq_Value=48000000
ProjectManager.RegisterCallBack=
VP_TIM3_VS_ClockSourceINT.Signal=TIM3_VS_ClockSourceINT
PD3.Locked=true
PA7.GPIO_PuPd=GPIO_PULLDOWN
PA1.Signal=ADC1_IN1
board=custom
RCC.VCOOutputFreq_Value=96000000
ProjectManager.LastFirmware=true
NVIC.TIM3_IRQn=true\:0\:0\:false\:false\:true\:true\:true
PA1.Mode=IN1
MxCube.Version=6.2.1
VP_TIM2_VS_ClockSourceINT.Mode=Internal
RCC.I2C1Freq_Value=48000000
VP_SYS_VS_DBSignals.Signal=SYS_VS_DBSignals
RCC.ADCFreq_Value=48000000
VP_SYS_VS_Systick.Mode=SysTick
TIM3.IPParameters=Prescaler,Period
NVIC.NonMaskableInt_IRQn=true\:0\:0\:false\:false\:true\:false\:false
PA4.GPIOParameters=GPIO_Label
TIM2.Period=1000-1
PA13.Mode=Serial_Wire
ProjectManager.FreePins=true
RCC.IPParameters=ADCFreq_Value,AHBFreq_Value,APBFreq_Value,APBTimFreq_Value,CECFreq_Value,CortexFreq_Value,EXTERNAL_CLOCK_VALUE,FCLKCortexFreq_Value,FamilyName,HCLKFreq_Value,HSE_VALUE,HSI_VALUE,I2C1Freq_Value,I2S1Freq_Value,LPTIM1Freq_Value,LPTIM2Freq_Value,LPUART1Freq_Value,LSCOPinFreq_Value,LSI_VALUE,MCO1PinFreq_Value,PLLM,PLLN,PLLPoutputFreq_Value,PLLQoutputFreq_Value,PLLRCLKFreq_Value,PWRFreq_Value,RTCClockSelection,RTCFreq_Value,SYSCLKFreq_VALUE,SYSCLKSource,TIM15Freq_Value,TIM1Freq_Value,USART1Freq_Value,USART2Freq_Value,VCOInputFreq_Value,VCOOutputFreq_Value
ProjectManager.AskForMigrate=true
Mcu.Name=STM32G071K(8-B)UxN
RCC.LPTIM2Freq_Value=48000000
RTC.Alarm-Alarm\ A=RTC_ALARM_A
PA2.Signal=GPXTI2
ProjectManager.UnderRoot=true
Mcu.IP6=TIM2
Mcu.IP7=TIM3
ProjectManager.CoupleFile=false
PA4.Signal=COMP_DAC11_group
RCC.APBTimFreq_Value=48000000
RCC.SYSCLKFreq_VALUE=48000000
RTC.Hours=0
PA1.Locked=true
PA7.GPIO_Label=VOLUP
ADC1.master=1
PA3.Locked=true
NVIC.ForceEnableDMAVector=true
KeepUserPlacement=false
PC14-OSC32_IN\ (PC14).Signal=RCC_OSC32_IN
VP_RTC_VS_RTC_Alarm_A_Intern.Signal=RTC_VS_RTC_Alarm_A_Intern
ProjectManager.CompilerOptimize=6
ProjectManager.HeapSize=0x200
PA0.GPIOParameters=GPIO_PuPd,GPIO_Label
Mcu.Pin15=VP_RTC_VS_RTC_Alarm_A_Intern
NVIC.HardFault_IRQn=true\:0\:0\:false\:false\:true\:false\:false
Mcu.Pin16=VP_SYS_VS_Systick
Mcu.Pin13=VP_RTC_VS_RTC_Activate
Mcu.Pin14=VP_RTC_VS_RTC_Calendar
Mcu.Pin19=VP_TIM3_VS_ClockSourceINT
ProjectManager.ComputerToolchain=false
Mcu.Pin17=VP_SYS_VS_DBSignals
RCC.HSI_VALUE=16000000
Mcu.Pin18=VP_TIM2_VS_ClockSourceINT
ADC1.NbrOfConversionFlag=1
Mcu.Pin11=PD2
Mcu.Pin12=PD3
RCC.PLLM=RCC_PLLM_DIV2
RCC.PLLN=12
Mcu.Pin10=PA14-BOOT0
PA3.PinState=GPIO_PIN_SET
RCC.PWRFreq_Value=48000000
PD2.Signal=GPIO_Output
NVIC.ADC1_COMP_IRQn=true\:0\:0\:false\:false\:true\:true\:true
PA7.GPIOParameters=GPIO_PuPd,GPIO_Label
ProjectManager.DeviceId=STM32G071KBUxN
PD2.GPIO_Label=BATLED
ProjectManager.LibraryCopy=1
PA3.GPIO_Label=AMPON
PA7.Signal=GPXTI7
NVIC.EXTI0_1_IRQn=true\:0\:0\:false\:false\:true\:true\:true
PA6.Locked=true
isbadioc=false
